// !$*UTF8*$!
{
	archiveVersion = 1;
	classes = {
	};
	objectVersion = 50;
	objects = {

/* Begin PBXBuildFile section */
		426BE94224B7C74200BCE005 /* AppDelegate.swift in Sources */ = {isa = PBXBuildFile; fileRef = 426BE94124B7C74200BCE005 /* AppDelegate.swift */; };
		426BE94424B7C74200BCE005 /* SceneDelegate.swift in Sources */ = {isa = PBXBuildFile; fileRef = 426BE94324B7C74200BCE005 /* SceneDelegate.swift */; };
		426BE94624B7C74200BCE005 /* ViewController.swift in Sources */ = {isa = PBXBuildFile; fileRef = 426BE94524B7C74200BCE005 /* ViewController.swift */; };
		426BE94924B7C74200BCE005 /* Main.storyboard in Resources */ = {isa = PBXBuildFile; fileRef = 426BE94724B7C74200BCE005 /* Main.storyboard */; };
		426BE94B24B7C74400BCE005 /* Assets.xcassets in Resources */ = {isa = PBXBuildFile; fileRef = 426BE94A24B7C74400BCE005 /* Assets.xcassets */; };
		426BE94E24B7C74400BCE005 /* LaunchScreen.storyboard in Resources */ = {isa = PBXBuildFile; fileRef = 426BE94C24B7C74400BCE005 /* LaunchScreen.storyboard */; };
		426BE95924B7C74500BCE005 /* tipTests.swift in Sources */ = {isa = PBXBuildFile; fileRef = 426BE95824B7C74500BCE005 /* tipTests.swift */; };
		426BE96424B7C74500BCE005 /* tipUITests.swift in Sources */ = {isa = PBXBuildFile; fileRef = 426BE96324B7C74500BCE005 /* tipUITests.swift */; };
		426BE97224B7E5C900BCE005 /* SettingsViewController.swift in Sources */ = {isa = PBXBuildFile; fileRef = 426BE97124B7E5C900BCE005 /* SettingsViewController.swift */; };
/* End PBXBuildFile section */

/* Begin PBXContainerItemProxy section */
		426BE95524B7C74500BCE005 /* PBXContainerItemProxy */ = {
			isa = PBXContainerItemProxy;
			containerPortal = 426BE93624B7C74200BCE005 /* Project object */;
			proxyType = 1;
			remoteGlobalIDString = 426BE93D24B7C74200BCE005;
			remoteInfo = tip;
		};
		426BE96024B7C74500BCE005 /* PBXContainerItemProxy */ = {
			isa = PBXContainerItemProxy;
			containerPortal = 426BE93624B7C74200BCE005 /* Project object */;
			proxyType = 1;
			remoteGlobalIDString = 426BE93D24B7C74200BCE005;
			remoteInfo = tip;
		};
/* End PBXContainerItemProxy section */

/* Begin PBXFileReference section */
		426BE93E24B7C74200BCE005 /* tip.app */ = {isa = PBXFileReference; explicitFileType = wrapper.application; includeInIndex = 0; path = tip.app; sourceTree = BUILT_PRODUCTS_DIR; };
		426BE94124B7C74200BCE005 /* AppDelegate.swift */ = {isa = PBXFileReference; lastKnownFileType = sourcecode.swift; path = AppDelegate.swift; sourceTree = "<group>"; };
		426BE94324B7C74200BCE005 /* SceneDelegate.swift */ = {isa = PBXFileReference; lastKnownFileType = sourcecode.swift; path = SceneDelegate.swift; sourceTree = "<group>"; };
		426BE94524B7C74200BCE005 /* ViewController.swift */ = {isa = PBXFileReference; lastKnownFileType = sourcecode.swift; path = ViewController.swift; sourceTree = "<group>"; };
		426BE94824B7C74200BCE005 /* Base */ = {isa = PBXFileReference; lastKnownFileType = file.storyboard; name = Base; path = Base.lproj/Main.storyboard; sourceTree = "<group>"; };
		426BE94A24B7C74400BCE005 /* Assets.xcassets */ = {isa = PBXFileReference; lastKnownFileType = folder.assetcatalog; path = Assets.xcassets; sourceTree = "<group>"; };
		426BE94D24B7C74400BCE005 /* Base */ = {isa = PBXFileReference; lastKnownFileType = file.storyboard; name = Base; path = Base.lproj/LaunchScreen.storyboard; sourceTree = "<group>"; };
		426BE94F24B7C74400BCE005 /* Info.plist */ = {isa = PBXFileReference; lastKnownFileType = text.plist.xml; path = Info.plist; sourceTree = "<group>"; };
		426BE95424B7C74500BCE005 /* tipTests.xctest */ = {isa = PBXFileReference; explicitFileType = wrapper.cfbundle; includeInIndex = 0; path = tipTests.xctest; sourceTree = BUILT_PRODUCTS_DIR; };
		426BE95824B7C74500BCE005 /* tipTests.swift */ = {isa = PBXFileReference; lastKnownFileType = sourcecode.swift; path = tipTests.swift; sourceTree = "<group>"; };
		426BE95A24B7C74500BCE005 /* Info.plist */ = {isa = PBXFileReference; lastKnownFileType = text.plist.xml; path = Info.plist; sourceTree = "<group>"; };
		426BE95F24B7C74500BCE005 /* tipUITests.xctest */ = {isa = PBXFileReference; explicitFileType = wrapper.cfbundle; includeInIndex = 0; path = tipUITests.xctest; sourceTree = BUILT_PRODUCTS_DIR; };
		426BE96324B7C74500BCE005 /* tipUITests.swift */ = {isa = PBXFileReference; lastKnownFileType = sourcecode.swift; path = tipUITests.swift; sourceTree = "<group>"; };
		426BE96524B7C74500BCE005 /* Info.plist */ = {isa = PBXFileReference; lastKnownFileType = text.plist.xml; path = Info.plist; sourceTree = "<group>"; };
		426BE97124B7E5C900BCE005 /* SettingsViewController.swift */ = {isa = PBXFileReference; lastKnownFileType = sourcecode.swift; path = SettingsViewController.swift; sourceTree = "<group>"; };
/* End PBXFileReference section */

/* Begin PBXFrameworksBuildPhase section */
		426BE93B24B7C74200BCE005 /* Frameworks */ = {
			isa = PBXFrameworksBuildPhase;
			buildActionMask = 2147483647;
			files = (
			);
			runOnlyForDeploymentPostprocessing = 0;
		};
		426BE95124B7C74500BCE005 /* Frameworks */ = {
			isa = PBXFrameworksBuildPhase;
			buildActionMask = 2147483647;
			files = (
			);
			runOnlyForDeploymentPostprocessing = 0;
		};
		426BE95C24B7C74500BCE005 /* Frameworks */ = {
			isa = PBXFrameworksBuildPhase;
			buildActionMask = 2147483647;
			files = (
			);
			runOnlyForDeploymentPostprocessing = 0;
		};
/* End PBXFrameworksBuildPhase section */

/* Begin PBXGroup section */
		426BE93524B7C74200BCE005 = {
			isa = PBXGroup;
			children = (
				426BE94024B7C74200BCE005 /* tip */,
				426BE95724B7C74500BCE005 /* tipTests */,
				426BE96224B7C74500BCE005 /* tipUITests */,
				426BE93F24B7C74200BCE005 /* Products */,
			);
			sourceTree = "<group>";
		};
		426BE93F24B7C74200BCE005 /* Products */ = {
			isa = PBXGroup;
			children = (
				426BE93E24B7C74200BCE005 /* tip.app */,
				426BE95424B7C74500BCE005 /* tipTests.xctest */,
				426BE95F24B7C74500BCE005 /* tipUITests.xctest */,
			);
			name = Products;
			sourceTree = "<group>";
		};
		426BE94024B7C74200BCE005 /* tip */ = {
			isa = PBXGroup;
			children = (
				426BE94124B7C74200BCE005 /* AppDelegate.swift */,
				426BE94324B7C74200BCE005 /* SceneDelegate.swift */,
				426BE94524B7C74200BCE005 /* ViewController.swift */,
				426BE97124B7E5C900BCE005 /* SettingsViewController.swift */,
				426BE94724B7C74200BCE005 /* Main.storyboard */,
				426BE94A24B7C74400BCE005 /* Assets.xcassets */,
				426BE94C24B7C74400BCE005 /* LaunchScreen.storyboard */,
				426BE94F24B7C74400BCE005 /* Info.plist */,
			);
			path = tip;
			sourceTree = "<group>";
		};
		426BE95724B7C74500BCE005 /* tipTests */ = {
			isa = PBXGroup;
			children = (
				426BE95824B7C74500BCE005 /* tipTests.swift */,
				426BE95A24B7C74500BCE005 /* Info.plist */,
			);
			path = tipTests;
			sourceTree = "<group>";
		};
		426BE96224B7C74500BCE005 /* tipUITests */ = {
			isa = PBXGroup;
			children = (
				426BE96324B7C74500BCE005 /* tipUITests.swift */,
				426BE96524B7C74500BCE005 /* Info.plist */,
			);
			path = tipUITests;
			sourceTree = "<group>";
		};
/* End PBXGroup section */

/* Begin PBXNativeTarget section */
		426BE93D24B7C74200BCE005 /* tip */ = {
			isa = PBXNativeTarget;
			buildConfigurationList = 426BE96824B7C74500BCE005 /* Build configuration list for PBXNativeTarget "tip" */;
			buildPhases = (
				426BE93A24B7C74200BCE005 /* Sources */,
				426BE93B24B7C74200BCE005 /* Frameworks */,
				426BE93C24B7C74200BCE005 /* Resources */,
			);
			buildRules = (
			);
			dependencies = (
			);
			name = tip;
			productName = tip;
			productReference = 426BE93E24B7C74200BCE005 /* tip.app */;
			productType = "com.apple.product-type.application";
		};
		426BE95324B7C74500BCE005 /* tipTests */ = {
			isa = PBXNativeTarget;
			buildConfigurationList = 426BE96B24B7C74500BCE005 /* Build configuration list for PBXNativeTarget "tipTests" */;
			buildPhases = (
				426BE95024B7C74500BCE005 /* Sources */,
				426BE95124B7C74500BCE005 /* Frameworks */,
				426BE95224B7C74500BCE005 /* Resources */,
			);
			buildRules = (
			);
			dependencies = (
				426BE95624B7C74500BCE005 /* PBXTargetDependency */,
			);
			name = tipTests;
			productName = tipTests;
			productReference = 426BE95424B7C74500BCE005 /* tipTests.xctest */;
			productType = "com.apple.product-type.bundle.unit-test";
		};
		426BE95E24B7C74500BCE005 /* tipUITests */ = {
			isa = PBXNativeTarget;
			buildConfigurationList = 426BE96E24B7C74500BCE005 /* Build configuration list for PBXNativeTarget "tipUITests" */;
			buildPhases = (
				426BE95B24B7C74500BCE005 /* Sources */,
				426BE95C24B7C74500BCE005 /* Frameworks */,
				426BE95D24B7C74500BCE005 /* Resources */,
			);
			buildRules = (
			);
			dependencies = (
				426BE96124B7C74500BCE005 /* PBXTargetDependency */,
			);
			name = tipUITests;
			productName = tipUITests;
			productReference = 426BE95F24B7C74500BCE005 /* tipUITests.xctest */;
			productType = "com.apple.product-type.bundle.ui-testing";
		};
/* End PBXNativeTarget section */

/* Begin PBXProject section */
		426BE93624B7C74200BCE005 /* Project object */ = {
			isa = PBXProject;
			attributes = {
				LastSwiftUpdateCheck = 1150;
				LastUpgradeCheck = 1150;
				ORGANIZATIONNAME = Codepath;
				TargetAttributes = {
					426BE93D24B7C74200BCE005 = {
						CreatedOnToolsVersion = 11.5;
					};
					426BE95324B7C74500BCE005 = {
						CreatedOnToolsVersion = 11.5;
						TestTargetID = 426BE93D24B7C74200BCE005;
					};
					426BE95E24B7C74500BCE005 = {
						CreatedOnToolsVersion = 11.5;
						TestTargetID = 426BE93D24B7C74200BCE005;
					};
				};
			};
			buildConfigurationList = 426BE93924B7C74200BCE005 /* Build configuration list for PBXProject "tip" */;
			compatibilityVersion = "Xcode 9.3";
			developmentRegion = en;
			hasScannedForEncodings = 0;
			knownRegions = (
				en,
				Base,
			);
			mainGroup = 426BE93524B7C74200BCE005;
			productRefGroup = 426BE93F24B7C74200BCE005 /* Products */;
			projectDirPath = "";
			projectRoot = "";
			targets = (
				426BE93D24B7C74200BCE005 /* tip */,
				426BE95324B7C74500BCE005 /* tipTests */,
				426BE95E24B7C74500BCE005 /* tipUITests */,
			);
		};
/* End PBXProject section */

/* Begin PBXResourcesBuildPhase section */
		426BE93C24B7C74200BCE005 /* Resources */ = {
			isa = PBXResourcesBuildPhase;
			buildActionMask = 2147483647;
			files = (
				426BE94E24B7C74400BCE005 /* LaunchScreen.storyboard in Resources */,
				426BE94B24B7C74400BCE005 /* Assets.xcassets in Resources */,
				426BE94924B7C74200BCE005 /* Main.storyboard in Resources */,
			);
			runOnlyForDeploymentPostprocessing = 0;
		};
		426BE95224B7C74500BCE005 /* Resources */ = {
			isa = PBXResourcesBuildPhase;
			buildActionMask = 2147483647;
			files = (
			);
			runOnlyForDeploymentPostprocessing = 0;
		};
		426BE95D24B7C74500BCE005 /* Resources */ = {
			isa = PBXResourcesBuildPhase;
			buildActionMask = 2147483647;
			files = (
			);
			runOnlyForDeploymentPostprocessing = 0;
		};
/* End PBXResourcesBuildPhase section */

/* Begin PBXSourcesBuildPhase section */
		426BE93A24B7C74200BCE005 /* Sources */ = {
			isa = PBXSourcesBuildPhase;
			buildActionMask = 2147483647;
			files = (
				426BE94624B7C74200BCE005 /* ViewController.swift in Sources */,
				426BE94224B7C74200BCE005 /* AppDelegate.swift in Sources */,
				426BE94424B7C74200BCE005 /* SceneDelegate.swift in Sources */,
				426BE97224B7E5C900BCE005 /* SettingsViewController.swift in Sources */,
			);
			runOnlyForDeploymentPostprocessing = 0;
		};
		426BE95024B7C74500BCE005 /* Sources */ = {
			isa = PBXSourcesBuildPhase;
			buildActionMask = 2147483647;
			files = (
				426BE95924B7C74500BCE005 /* tipTests.swift in Sources */,
			);
			runOnlyForDeploymentPostprocessing = 0;
		};
		426BE95B24B7C74500BCE005 /* Sources */ = {
			isa = PBXSourcesBuildPhase;
			buildActionMask = 2147483647;
			files = (
				426BE96424B7C74500BCE005 /* tipUITests.swift in Sources */,
			);
			runOnlyForDeploymentPostprocessing = 0;
		};
/* End PBXSourcesBuildPhase section */

/* Begin PBXTargetDependency section */
		426BE95624B7C74500BCE005 /* PBXTargetDependency */ = {
			isa = PBXTargetDependency;
			target = 426BE93D24B7C74200BCE005 /* tip */;
			targetProxy = 426BE95524B7C74500BCE005 /* PBXContainerItemProxy */;
		};
		426BE96124B7C74500BCE005 /* PBXTargetDependency */ = {
			isa = PBXTargetDependency;
			target = 426BE93D24B7C74200BCE005 /* tip */;
			targetProxy = 426BE96024B7C74500BCE005 /* PBXContainerItemProxy */;
		};
/* End PBXTargetDependency section */

/* Begin PBXVariantGroup section */
		426BE94724B7C74200BCE005 /* Main.storyboard */ = {
			isa = PBXVariantGroup;
			children = (
				426BE94824B7C74200BCE005 /* Base */,
			);
			name = Main.storyboard;
			sourceTree = "<group>";
		};
		426BE94C24B7C74400BCE005 /* LaunchScreen.storyboard */ = {
			isa = PBXVariantGroup;
			children = (
				426BE94D24B7C74400BCE005 /* Base */,
			);
			name = LaunchScreen.storyboard;
			sourceTree = "<group>";
		};
/* End PBXVariantGroup section */

/* Begin XCBuildConfiguration section */
		426BE96624B7C74500BCE005 /* Debug */ = {
			isa = XCBuildConfiguration;
			buildSettings = {
				ALWAYS_SEARCH_USER_PATHS = NO;
				CLANG_ANALYZER_NONNULL = YES;
				CLANG_ANALYZER_NUMBER_OBJECT_CONVERSION = YES_AGGRESSIVE;
				CLANG_CXX_LANGUAGE_STANDARD = "gnu++14";
				CLANG_CXX_LIBRARY = "libc++";
				CLANG_ENABLE_MODULES = YES;
				CLANG_ENABLE_OBJC_ARC = YES;
				CLANG_ENABLE_OBJC_WEAK = YES;
				CLANG_WARN_BLOCK_CAPTURE_AUTORELEASING = YES;
				CLANG_WARN_BOOL_CONVERSION = YES;
				CLANG_WARN_COMMA = YES;
				CLANG_WARN_CONSTANT_CONVERSION = YES;
				CLANG_WARN_DEPRECATED_OBJC_IMPLEMENTATIONS = YES;
				CLANG_WARN_DIRECT_OBJC_ISA_USAGE = YES_ERROR;
				CLANG_WARN_DOCUMENTATION_COMMENTS = YES;
				CLANG_WARN_EMPTY_BODY = YES;
				CLANG_WARN_ENUM_CONVERSION = YES;
				CLANG_WARN_INFINITE_RECURSION = YES;
				CLANG_WARN_INT_CONVERSION = YES;
				CLANG_WARN_NON_LITERAL_NULL_CONVERSION = YES;
				CLANG_WARN_OBJC_IMPLICIT_RETAIN_SELF = YES;
				CLANG_WARN_OBJC_LITERAL_CONVERSION = YES;
				CLANG_WARN_OBJC_ROOT_CLASS = YES_ERROR;
				CLANG_WARN_RANGE_LOOP_ANALYSIS = YES;
				CLANG_WARN_STRICT_PROTOTYPES = YES;
				CLANG_WARN_SUSPICIOUS_MOVE = YES;
				CLANG_WARN_UNGUARDED_AVAILABILITY = YES_AGGRESSIVE;
				CLANG_WARN_UNREACHABLE_CODE = YES;
				CLANG_WARN__DUPLICATE_METHOD_MATCH = YES;
				COPY_PHASE_STRIP = NO;
				DEBUG_INFORMATION_FORMAT = dwarf;
				ENABLE_STRICT_OBJC_MSGSEND = YES;
				ENABLE_TESTABILITY = YES;
				GCC_C_LANGUAGE_STANDARD = gnu11;
				GCC_DYNAMIC_NO_PIC = NO;
				GCC_NO_COMMON_BLOCKS = YES;
				GCC_OPTIMIZATION_LEVEL = 0;
				GCC_PREPROCESSOR_DEFINITIONS = (
					"DEBUG=1",
					"$(inherited)",
				);
				GCC_WARN_64_TO_32_BIT_CONVERSION = YES;
				GCC_WARN_ABOUT_RETURN_TYPE = YES_ERROR;
				GCC_WARN_UNDECLARED_SELECTOR = YES;
				GCC_WARN_UNINITIALIZED_AUTOS = YES_AGGRESSIVE;
				GCC_WARN_UNUSED_FUNCTION = YES;
				GCC_WARN_UNUSED_VARIABLE = YES;
				IPHONEOS_DEPLOYMENT_TARGET = 13.5;
				MTL_ENABLE_DEBUG_INFO = INCLUDE_SOURCE;
				MTL_FAST_MATH = YES;
				ONLY_ACTIVE_ARCH = YES;
				SDKROOT = iphoneos;
				SWIFT_ACTIVE_COMPILATION_CONDITIONS = DEBUG;
				SWIFT_OPTIMIZATION_LEVEL = "-Onone";
			};
			name = Debug;
		};
		426BE96724B7C74500BCE005 /* Release */ = {
			isa = XCBuildConfiguration;
			buildSettings = {
				ALWAYS_SEARCH_USER_PATHS = NO;
				CLANG_ANALYZER_NONNULL = YES;
				CLANG_ANALYZER_NUMBER_OBJECT_CONVERSION = YES_AGGRESSIVE;
				CLANG_CXX_LANGUAGE_STANDARD = "gnu++14";
				CLANG_CXX_LIBRARY = "libc++";
				CLANG_ENABLE_MODULES = YES;
				CLANG_ENABLE_OBJC_ARC = YES;
				CLANG_ENABLE_OBJC_WEAK = YES;
				CLANG_WARN_BLOCK_CAPTURE_AUTORELEASING = YES;
				CLANG_WARN_BOOL_CONVERSION = YES;
				CLANG_WARN_COMMA = YES;
				CLANG_WARN_CONSTANT_CONVERSION = YES;
				CLANG_WARN_DEPRECATED_OBJC_IMPLEMENTATIONS = YES;
				CLANG_WARN_DIRECT_OBJC_ISA_USAGE = YES_ERROR;
				CLANG_WARN_DOCUMENTATION_COMMENTS = YES;
				CLANG_WARN_EMPTY_BODY = YES;
				CLANG_WARN_ENUM_CONVERSION = YES;
				CLANG_WARN_INFINITE_RECURSION = YES;
				CLANG_WARN_INT_CONVERSION = YES;
				CLANG_WARN_NON_LITERAL_NULL_CONVERSION = YES;
				CLANG_WARN_OBJC_IMPLICIT_RETAIN_SELF = YES;
				CLANG_WARN_OBJC_LITERAL_CONVERSION = YES;
				CLANG_WARN_OBJC_ROOT_CLASS = YES_ERROR;
				CLANG_WARN_RANGE_LOOP_ANALYSIS = YES;
				CLANG_WARN_STRICT_PROTOTYPES = YES;
				CLANG_WARN_SUSPICIOUS_MOVE = YES;
				CLANG_WARN_UNGUARDED_AVAILABILITY = YES_AGGRESSIVE;
				CLANG_WARN_UNREACHABLE_CODE = YES;
				CLANG_WARN__DUPLICATE_METHOD_MATCH = YES;
				COPY_PHASE_STRIP = NO;
				DEBUG_INFORMATION_FORMAT = "dwarf-with-dsym";
				ENABLE_NS_ASSERTIONS = NO;
				ENABLE_STRICT_OBJC_MSGSEND = YES;
				GCC_C_LANGUAGE_STANDARD = gnu11;
				GCC_NO_COMMON_BLOCKS = YES;
				GCC_WARN_64_TO_32_BIT_CONVERSION = YES;
				GCC_WARN_ABOUT_RETURN_TYPE = YES_ERROR;
				GCC_WARN_UNDECLARED_SELECTOR = YES;
				GCC_WARN_UNINITIALIZED_AUTOS = YES_AGGRESSIVE;
				GCC_WARN_UNUSED_FUNCTION = YES;
				GCC_WARN_UNUSED_VARIABLE = YES;
				IPHONEOS_DEPLOYMENT_TARGET = 13.5;
				MTL_ENABLE_DEBUG_INFO = NO;
				MTL_FAST_MATH = YES;
				SDKROOT = iphoneos;
				SWIFT_COMPILATION_MODE = wholemodule;
				SWIFT_OPTIMIZATION_LEVEL = "-O";
				VALIDATE_PRODUCT = YES;
			};
			name = Release;
		};
		426BE96924B7C74500BCE005 /* Debug */ = {
			isa = XCBuildConfiguration;
			buildSettings = {
				ASSETCATALOG_COMPILER_APPICON_NAME = AppIcon;
				CODE_SIGN_STYLE = Automatic;
				INFOPLIST_FILE = tip/Info.plist;
				LD_RUNPATH_SEARCH_PATHS = (
					"$(inherited)",
					"@executable_path/Frameworks",
				);
				PRODUCT_BUNDLE_IDENTIFIER = Codepath.tip;
				PRODUCT_NAME = "$(TARGET_NAME)";
				SWIFT_VERSION = 5.0;
				TARGETED_DEVICE_FAMILY = "1,2";
			};
			name = Debug;
		};
		426BE96A24B7C74500BCE005 /* Release */ = {
			isa = XCBuildConfiguration;
			buildSettings = {
				ASSETCATALOG_COMPILER_APPICON_NAME = AppIcon;
				CODE_SIGN_STYLE = Automatic;
				INFOPLIST_FILE = tip/Info.plist;
				LD_RUNPATH_SEARCH_PATHS = (
					"$(inherited)",
					"@executable_path/Frameworks",
				);
				PRODUCT_BUNDLE_IDENTIFIER = Codepath.tip;
				PRODUCT_NAME = "$(TARGET_NAME)";
				SWIFT_VERSION = 5.0;
				TARGETED_DEVICE_FAMILY = "1,2";
			};
			name = Release;
		};
		426BE96C24B7C74500BCE005 /* Debug */ = {
			isa = XCBuildConfiguration;
			buildSettings = {
				ALWAYS_EMBED_SWIFT_STANDARD_LIBRARIES = YES;
				BUNDLE_LOADER = "$(TEST_HOST)";
				CODE_SIGN_STYLE = Automatic;
				INFOPLIST_FILE = tipTests/Info.plist;
				IPHONEOS_DEPLOYMENT_TARGET = 13.5;
				LD_RUNPATH_SEARCH_PATHS = (
					"$(inherited)",
					"@executable_path/Frameworks",
					"@loader_path/Frameworks",
				);
				PRODUCT_BUNDLE_IDENTIFIER = Codepath.tipTests;
				PRODUCT_NAME = "$(TARGET_NAME)";
				SWIFT_VERSION = 5.0;
				TARGETED_DEVICE_FAMILY = "1,2";
				TEST_HOST = "$(BUILT_PRODUCTS_DIR)/tip.app/tip";
			};
			name = Debug;
		};
		426BE96D24B7C74500BCE005 /* Release */ = {
			isa = XCBuildConfiguration;
			buildSettings = {
				ALWAYS_EMBED_SWIFT_STANDARD_LIBRARIES = YES;
				BUNDLE_LOADER = "$(TEST_HOST)";
				CODE_SIGN_STYLE = Automatic;
				INFOPLIST_FILE = tipTests/Info.plist;
				IPHONEOS_DEPLOYMENT_TARGET = 13.5;
				LD_RUNPATH_SEARCH_PATHS = (
					"$(inherited)",
					"@executable_path/Frameworks",
					"@loader_path/Frameworks",
				);
				PRODUCT_BUNDLE_IDENTIFIER = Codepath.tipTests;
				PRODUCT_NAME = "$(TARGET_NAME)";
				SWIFT_VERSION = 5.0;
				TARGETED_DEVICE_FAMILY = "1,2";
				TEST_HOST = "$(BUILT_PRODUCTS_DIR)/tip.app/tip";
			};
			name = Release;
		};
		426BE96F24B7C74500BCE005 /* Debug */ = {
			isa = XCBuildConfiguration;
			buildSettings = {
				ALWAYS_EMBED_SWIFT_STANDARD_LIBRARIES = YES;
				CODE_SIGN_STYLE = Automatic;
				INFOPLIST_FILE = tipUITests/Info.plist;
				LD_RUNPATH_SEARCH_PATHS = (
					"$(inherited)",
					"@executable_path/Frameworks",
					"@loader_path/Frameworks",
				);
				PRODUCT_BUNDLE_IDENTIFIER = Codepath.tipUITests;
				PRODUCT_NAME = "$(TARGET_NAME)";
				SWIFT_VERSION = 5.0;
				TARGETED_DEVICE_FAMILY = "1,2";
				TEST_TARGET_NAME = tip;
			};
			name = Debug;
		};
		426BE97024B7C74500BCE005 /* Release */ = {
			isa = XCBuildConfiguration;
			buildSettings = {
				ALWAYS_EMBED_SWIFT_STANDARD_LIBRARIES = YES;
				CODE_SIGN_STYLE = Automatic;
				INFOPLIST_FILE = tipUITests/Info.plist;
				LD_RUNPATH_SEARCH_PATHS = (
					"$(inherited)",
					"@executable_path/Frameworks",
					"@loader_path/Frameworks",
				);
				PRODUCT_BUNDLE_IDENTIFIER = Codepath.tipUITests;
				PRODUCT_NAME = "$(TARGET_NAME)";
				SWIFT_VERSION = 5.0;
				TARGETED_DEVICE_FAMILY = "1,2";
				TEST_TARGET_NAME = tip;
			};
			name = Release;
		};
/* End XCBuildConfiguration section */

/* Begin XCConfigurationList section */
		426BE93924B7C74200BCE005 /* Build configuration list for PBXProject "tip" */ = {
			isa = XCConfigurationList;
			buildConfigurations = (
				426BE96624B7C74500BCE005 /* Debug */,
				426BE96724B7C74500BCE005 /* Release */,
			);
			defaultConfigurationIsVisible = 0;
			defaultConfigurationName = Release;
		};
		426BE96824B7C74500BCE005 /* Build configuration list for PBXNativeTarget "tip" */ = {
			isa = XCConfigurationList;
			buildConfigurations = (
				426BE96924B7C74500BCE005 /* Debug */,
				426BE96A24B7C74500BCE005 /* Release */,
			);
			defaultConfigurationIsVisible = 0;
			defaultConfigurationName = Release;
		};
		426BE96B24B7C74500BCE005 /* Build configuration list for PBXNativeTarget "tipTests" */ = {
			isa = XCConfigurationList;
			buildConfigurations = (
				426BE96C24B7C74500BCE005 /* Debug */,
				426BE96D24B7C74500BCE005 /* Release */,
			);
			defaultConfigurationIsVisible = 0;
			defaultConfigurationName = Release;
		};
		426BE96E24B7C74500BCE005 /* Build configuration list for PBXNativeTarget "tipUITests" */ = {
			isa = XCConfigurationList;
			buildConfigurations = (
				426BE96F24B7C74500BCE005 /* Debug */,
				426BE97024B7C74500BCE005 /* Release */,
			);
			defaultConfigurationIsVisible = 0;
			defaultConfigurationName = Release;
		};
/* End XCConfigurationList section */
	};
	rootObject = 426BE93624B7C74200BCE005 /* Project object */;
}
